version = 1
revision = 5
requires-python = "==3.12.*"
resolution-markers = [
    "sys_platform == 'win32'",
    "sys_platform == 'emscripten'",
    "sys_platform != 'emscripten' and sys_platform != 'win32'",
]

[[package]]
name = "blinker"
version = "1.9.0"
source = { registry = "https://pypi.org/simple" }
sdist = { url = "https://files.pythonhosted.org/packages/21/28/9b3f50ce0e048515135495f198351908d99540d69bfdc8c1d15b73dc55ce/blinker-1.9.0.tar.gz", hash = "sha256:b4ce2265a7abece45e7cc896e98dbebe6cead56bcf805a3d23136d145f5445bf", size = 22460, upload-time = "2024-11-08T17:25:47.436Z" }
wheels = [
    { url = "https://files.pythonhosted.org/packages/10/cb/f2ad4230dc2eb1a74edf38f1a38b9b52277f75bef262d8908e60d957e13c/blinker-1.9.0-py3-none-any.whl", hash = "sha256:ba0efaa9080b619ff2f3459d1d500c57bddea4a6b424b60a91141db6fd2f08bc", size = 8458, upload-time = "2024-11-08T17:25:46.184Z" },
]

[[package]]
name = "certifi"
version = "2026.7.22"
source = { registry = "https://pypi.org/simple" }
sdist = { url = "https://files.pythonhosted.org/packages/a3/c2/24167ea9858356b47a87a50d39908bfdb72ceeefe0041586e704e5376b3a/certifi-2026.7.22.tar.gz", hash = "sha256:741e2c3b351ddf169a738da9f2c048608ff7f2c5cc02f1ebc6b118bb090d5d55", size = 138112, upload-time = "2026-07-22T03:35:12.644Z" }
wheels = [
    { url = "https://files.pythonhosted.org/packages/0b/a7/71ac2cff56fec219ed242bb11b8efb69fcc4bec75db06fb7bfe35de520e6/certifi-2026.7.22-py3-none-any.whl", hash = "sha256:62f22742b58a1a33014a2b6b706588a8d7e2a88ae7bd1a6ebe8c992928483775", size = 136983, upload-time = "2026-07-22T03:35:11.276Z" },
]

[[package]]
name = "click"
version = "8.5.0"
source = { registry = "https://pypi.org/simple" }
sdist = { url = "https://files.pythonhosted.org/packages/c7/0e/7fa0ef50764b67090eca4114772a2abf8b6148198475e54c660b97caeee6/click-8.5.0.tar.gz", hash = "sha256:ba0d2089de75ea0310e2dde03160e6ca10009947fb95a182f9b54021bb272e34", size = 382235, upload-time = "2026-08-26T13:33:14.56Z" }
wheels = [
    { url = "https://files.pythonhosted.org/packages/58/50/6c0d534c5f134586a8e1ba4e330569e32f057e33372ae556463212fb4cd3/click-8.5.0-py3-none-any.whl", hash = "sha256:255bc9599cf7748b4b1a446ccc735421bd08a2ae529a8b88597d3de5664ee360", size = 125251, upload-time = "2026-08-26T13:33:12.928Z" },
]

[[package]]
name = "flask"
version = "3.1.3"
source = { registry = "https://pypi.org/simple" }
dependencies = [
    { name = "blinker" },
    { name = "click" },
    { name = "itsdangerous" },
    { name = "jinja2" },
    { name = "markupsafe" },
    { name = "werkzeug" },
]
sdist = { url = "https://files.pythonhosted.org/packages/26/00/35d85dcce6c57fdc871f3867d465d780f302a175ea360f62533f12b27e2b/flask-3.1.3.tar.gz", hash = "sha256:0ef0e52b8a9cd932855379197dd8f94047b359ca0a78695144304cb45f87c9eb", size = 759004, upload-time = "2026-02-19T05:00:57.678Z" }
wheels = [
    { url = "https://files.pythonhosted.org/packages/7f/9c/34f6962f9b9e9c71f6e5ed806e0d0ff03c9d1b0b2340088a0cf4bce09b18/flask-3.1.3-py3-none-any.whl", hash = "sha256:f4bcbefc124291925f1a26446da31a5178f9483862233b23c0c96a20701f670c", size = 103424, upload-time = "2026-02-19T05:00:56.027Z" },
]

[[package]]
name = "geoalchemy2"
version = "0.20.0"
source = { registry = "https://pypi.org/simple" }
dependencies = [
    { name = "packaging" },
    { name = "sqlalchemy" },
]
sdist = { url = "https://files.pythonhosted.org/packages/63/74/6cb1ef591bf47d28f41aa770f2f3a91c0a570aee0a4083bed7f8c533d8df/geoalchemy2-0.20.0.tar.gz", hash = "sha256:450f427f4bc3cf2d5ddee0af3763aed0f3eea2384e7c9a99798d8f1508279322", size = 280805, upload-time = "2026-05-12T14:50:26.132Z" }
wheels = [
    { url = "https://files.pythonhosted.org/packages/4e/08/b66ad4239f592e05202e25925c08cdd04cc14c3994000ec70ec61fea202c/geoalchemy2-0.20.0-py3-none-any.whl", hash = "sha256:1489a1d106519542a79c97cd0b4c537d80462c353610ebc2429cf2c43daac717", size = 96467, upload-time = "2026-05-12T14:50:24.998Z" },
]

[[package]]
name = "geopandas"
version = "1.1.4"
source = { registry = "https://pypi.org/simple" }
dependencies = [
    { name = "numpy" },
    { name = "packaging" },
    { name = "pandas" },
    { name = "pyogrio" },
    { name = "pyproj" },
    { name = "shapely" },
]
sdist = { url = "https://files.pythonhosted.org/packages/39/a9/0478b74a33aea66827c10baaf6025cb2a17e44b1c117533eecd3e977bb75/geopandas-1.1.4.tar.gz", hash = "sha256:06f2890a07e1a239047daa14b486a7c6ae5ce82dcf7405e13c46bf31f5d0dd66", size = 337445, upload-time = "2026-06-26T17:23:54.497Z" }
wheels = [
    { url = "https://files.pythonhosted.org/packages/59/a8/bd530cc264e62ddbc1d1bb7225823992e6f2432c664693e9281bb6b9c359/geopandas-1.1.4-py3-none-any.whl", hash = "sha256:1a0c459cbdb1537cd154dafe6174be20d1760844b7f1c967dc8520b180f2e773", size = 343292, upload-time = "2026-06-26T17:23:53.112Z" },
]

[[package]]
name = "itsdangerous"
version = "2.2.0"
source = { registry = "https://pypi.org/simple" }
sdist = { url = "https://files.pythonhosted.org/packages/9c/cb/8ac0172223afbccb63986cc25049b154ecfb5e85932587206f42317be31d/itsdangerous-2.2.0.tar.gz", hash = "sha256:e0050c0b7da1eea53ffaf149c0cfbb5c6e2e2b69c4bef22c81fa6eb73e5f6173", size = 54410, upload-time = "2024-04-16T21:28:15.614Z" }
wheels = [
    { url = "https://files.pythonhosted.org/packages/04/96/92447566d16df59b2a776c0fb82dbc4d9e07cd95062562af01e408583fc4/itsdangerous-2.2.0-py3-none-any.whl", hash = "sha256:c6242fc49e35958c8b15141343aa660db5fc54d4f13a1db01a3f5891b98700ef", size = 16234, upload-time = "2024-04-16T21:28:14.499Z" },
]

[[package]]
name = "jinja2"
version = "3.1.6"
source = { registry = "https://pypi.org/simple" }
dependencies = [
    { name = "markupsafe" },
]
sdist = { url = "https://files.pythonhosted.org/packages/df/bf/f7da0350254c0ed7c72f3e33cef02e048281fec7ecec5f032d4aac52226b/jinja2-3.1.6.tar.gz", hash = "sha256:0137fb05990d35f1275a587e9aee6d56da821fc83491a0fb838183be43f66d6d", size = 245115, upload-time = "2025-03-05T20:05:02.478Z" }
wheels = [
    { url = "https://files.pythonhosted.org/packages/62/a1/3d680cbfd5f4b8f15abc1d571870c5fc3e594bb582bc3b64ea099db13e56/jinja2-3.1.6-py3-none-any.whl", hash = "sha256:85ece4451f492d0c13c5dd7c13a64681a86afae63a5f347908daf103ce6d2f67", size = 134899, upload-time = "2025-03-05T20:05:00.369Z" },
]

[[package]]
name = "kartverket-pygeoapi-overlay"
version = "0.1.0"
source = { virtual = "." }
dependencies = [
    { name = "geoalchemy2" },
    { name = "geopandas" },
    { name = "numpy" },
    { name = "prometheus-flask-exporter" },
    { name = "psycopg2-binary" },
    { name = "shapely" },
    { name = "sqlalchemy" },
]

[package.metadata]
requires-dist = [
    { name = "geoalchemy2" },
    { name = "geopandas" },
    { name = "numpy", specifier = "<2" },
    { name = "prometheus-flask-exporter" },
    { name = "psycopg2-binary" },
    { name = "shapely" },
    { name = "sqlalchemy" },
]

[[package]]
name = "markupsafe"
version = "3.0.4"
source = { registry = "https://pypi.org/simple" }
sdist = { url = "https://files.pythonhosted.org/packages/38/9b/e422a865e1d5d57d0e509b4e0bf1c1a70a7f6382c29a5aa428df994c8bc8/markupsafe-3.0.4.tar.gz", hash = "sha256:2e9ad7dd851bf45fab9f75cbff4cb493fee9979e8d8c7c9c3ee119022518edd6", size = 153777, upload-time = "2026-10-02T23:07:22.29Z" }
wheels = [
    { url = "https://files.pythonhosted.org/packages/81/09/4c59d56b8461ae8eb0d8ba34bb25b7e618547044679d58a82ef9b2479fc1/markupsafe-3.0.4-cp312-cp312-macosx_10_13_x86_64.whl", hash = "sha256:61631e08084be9e21a8967ec3139c7616ed7c5e9368e05c86d1b39562c8a57b6", size = 11658, upload-time = "2026-10-02T23:04:51.876Z" },
    { url = "https://files.pythonhosted.org/packages/a2/f0/d6613774d86fbf6d145751d43c59875e47a6f9f17daee0aef173bd36d90e/markupsafe-3.0.4-cp312-cp312-macosx_11_0_arm64.whl", hash = "sha256:0930db9bdc62d22944e10b066448bb65dc9abe9112880c7cab8da54db4284d5f", size = 12050, upload-time = "2026-10-02T23:04:52.931Z" },
    { url = "https://files.pythonhosted.org/packages/0d/f2/8f18e0b806eb13c1f8d07d917a720831ead54253a6dec011fbc78098a6f8/markupsafe-3.0.4-cp312-cp312-manylinux2014_aarch64.manylinux_2_17_aarch64.manylinux_2_28_aarch64.whl", hash = "sha256:6a45c3d514f2436064db00d7fc8778d888f0236ebfed649b53d13a59e69ad51b", size = 24363, upload-time = "2026-10-02T23:04:53.895Z" },
    { url = "https://files.pythonhosted.org/packages/60/ce/fa07dbe8a5675558fa36dea033e19995bc783de2dec5f540ccb9030b06aa/markupsafe-3.0.4-cp312-cp312-manylinux2014_armv7l.manylinux_2_17_armv7l.manylinux_2_31_armv7l.whl", hash = "sha256:1e1451fab512d1bcc3dc26988ec1edb0b82c2db909132872cd9356070a6b63df", size = 28525, upload-time = "2026-10-02T23:04:54.905Z" },
    { url = "https://files.pythonhosted.org/packages/85/40/be87c01f3868ec217f8a2015089d71c22c8c5a75324822e5ed1cdd87210d/markupsafe-3.0.4-cp312-cp312-manylinux2014_ppc64le.manylinux_2_17_ppc64le.manylinux_2_28_ppc64le.whl", hash = "sha256:bd3ce56ae2cbae3ba82b683bc425cd7e48d2ed8b10f3e818186b6f5646d9271c", size = 24733, upload-time = "2026-10-02T23:04:56.229Z" },
    { url = "https://files.pythonhosted.org/packages/4f/a7/aeedb5140afa41fc74c225e9184ab96723a6e873b6ee1c9fede7283456d8/markupsafe-3.0.4-cp312-cp312-manylinux2014_x86_64.manylinux_2_17_x86_64.manylinux_2_28_x86_64.whl", hash = "sha256:8e124f974786f831d6043728e38296969d3579db8896fe004682f5758e613581", size = 22985, upload-time = "2026-10-02T23:04:57.521Z" },
    { url = "https://files.pythonhosted.org/packages/c3/fc/e91352bb08c6a59da3ef0909d457bf95a5f5908fbf151b30a06d9dbcfbb4/markupsafe-3.0.4-cp312-cp312-manylinux_2_31_riscv64.manylinux_2_39_riscv64.whl", hash = "sha256:c02e8f18bdedba082cef725942ac823b9b60656db07f7e265cb31618dfd00d77", size = 22001, upload-time = "2026-10-02T23:04:58.597Z" },
    { url = "https://files.pythonhosted.org/packages/5d/f8/bffee5e7d2a3deb59748a797650a48af7e672025cf641a79344a771ad106/markupsafe-3.0.4-cp312-cp312-musllinux_1_2_aarch64.whl", hash = "sha256:9f098115c247e11d138ab83a28fa0323c77015007ea2df73ba5fd714dfefd67c", size = 23793, upload-time = "2026-10-02T23:04:59.686Z" },
    { url = "https://files.pythonhosted.org/packages/ed/59/b853d6628ecb4d658e1d637224846d5e9bb4adf4f8df97f3be9f29dce2ec/markupsafe-3.0.4-cp312-cp312-musllinux_1_2_armv7l.whl", hash = "sha256:d5f93ebbeb8032d47e349328ec8662d973d9b05a70b3c35df1f91fe419b84749", size = 22640, upload-time = "2026-10-02T23:05:00.768Z" },
    { url = "https://files.pythonhosted.org/packages/09/b2/1506df394f0f075797c418d0301498f49e43be194e3ffcb49e6fe6ccf022/markupsafe-3.0.4-cp312-cp312-musllinux_1_2_ppc64le.whl", hash = "sha256:64511c54db4e4987aef4c41923235927428729e8174c5dba488429be70a998ed", size = 24074, upload-time = "2026-10-02T23:05:01.813Z" },
    { url = "https://files.pythonhosted.org/packages/c7/81/5ed69cda630ac69ef60d06c09ba5a7f84ff66a2e28cf986fd5614ab3c6e6/markupsafe-3.0.4-cp312-cp312-musllinux_1_2_riscv64.whl", hash = "sha256:e1a622f13970d81f95d0c72f9dc090dce9085fccfa4c9f2174377ee32bd15786", size = 21563, upload-time = "2026-10-02T23:05:03.239Z" },
    { url = "https://files.pythonhosted.org/packages/0c/fe/fb1e79be0fea60aa32602ebefc9c35a82bb42b4df157285ab7dfec12341a/markupsafe-3.0.4-cp312-cp312-musllinux_1_2_x86_64.whl", hash = "sha256:c9a7f43c0b202b334cc9184af09bb8f21d3a209e038efaf106936fb69e6b026e", size = 23048, upload-time = "2026-10-02T23:05:04.479Z" },
    { url = "https://files.pythonhosted.org/packages/c8/52/7632a53360671a9b750cdbabaf9cdd89f18b42248b8e4cb42c0b0296e459/markupsafe-3.0.4-cp312-cp312-win32.whl", hash = "sha256:f0ec3b750b59375eab5b0fb2b9254810c00a3375be6d789899f1055a1d556237", size = 14108, upload-time = "2026-10-02T23:05:05.513Z" },
    { url = "https://files.pythonhosted.org/packages/3f/bf/62495e180b7000aaf30000fff849e933f74264638057176cf46852500adc/markupsafe-3.0.4-cp312-cp312-win_amd64.whl", hash = "sha256:11935df9bf455ed0c04eb87bcd720f02b1fe5e02128a9430f23aed6f93336fc7", size = 14303, upload-time = "2026-10-02T23:05:06.538Z" },
    { url = "https://files.pythonhosted.org/packages/c5/8e/4c24208776a65878d656996945aacfbfe010d3720d1a98fc0eb8491fc03b/markupsafe-3.0.4-cp312-cp312-win_arm64.whl", hash = "sha256:a4bbd2d87dd233b9fc5812160c3d0ffbe42edc22a26ce0469f58479ede633fe9", size = 14174, upload-time = "2026-10-02T23:05:07.617Z" },
]

[[package]]
name = "numpy"
version = "1.26.4"
source = { registry = "https://pypi.org/simple" }
sdist = { url = "https://files.pythonhosted.org/packages/65/6e/09db70a523a96d25e115e71cc56a6f9031e7b8cd166c1ac8438307c14058/numpy-1.26.4.tar.gz", hash = "sha256:2a02aba9ed12e4ac4eb3ea9421c420301a0c6460d9830d74a9df87efa4912010", size = 15786129, upload-time = "2024-02-06T00:26:44.495Z" }
wheels = [
    { url = "https://files.pythonhosted.org/packages/95/12/8f2020a8e8b8383ac0177dc9570aad031a3beb12e38847f7129bacd96228/numpy-1.26.4-cp312-cp312-macosx_10_9_x86_64.whl", hash = "sha256:b3ce300f3644fb06443ee2222c2201dd3a89ea6040541412b8fa189341847218", size = 20335901, upload-time = "2024-02-05T23:55:32.801Z" },
    { url = "https://files.pythonhosted.org/packages/75/5b/ca6c8bd14007e5ca171c7c03102d17b4f4e0ceb53957e8c44343a9546dcc/numpy-1.26.4-cp312-cp312-macosx_11_0_arm64.whl", hash = "sha256:03a8c78d01d9781b28a6989f6fa1bb2c4f2d51201cf99d3dd875df6fbd96b23b", size = 13685868, upload-time = "2024-02-05T23:55:56.28Z" },
    { url = "https://files.pythonhosted.org/packages/79/f8/97f10e6755e2a7d027ca783f63044d5b1bc1ae7acb12afe6a9b4286eac17/numpy-1.26.4-cp312-cp312-manylinux_2_17_aarch64.manylinux2014_aarch64.whl", hash = "sha256:9fad7dcb1aac3c7f0584a5a8133e3a43eeb2fe127f47e3632d43d677c66c102b", size = 13925109, upload-time = "2024-02-05T23:56:20.368Z" },
    { url = "https://files.pythonhosted.org/packages/0f/50/de23fde84e45f5c4fda2488c759b69990fd4512387a8632860f3ac9cd225/numpy-1.26.4-cp312-cp312-manylinux_2_17_x86_64.manylinux2014_x86_64.whl", hash = "sha256:675d61ffbfa78604709862923189bad94014bef562cc35cf61d3a07bba02a7ed", size = 17950613, upload-time = "2024-02-05T23:56:56.054Z" },
    { url = "https://files.pythonhosted.org/packages/4c/0c/9c603826b6465e82591e05ca230dfc13376da512b25ccd0894709b054ed0/numpy-1.26.4-cp312-cp312-musllinux_1_1_aarch64.whl", hash = "sha256:ab47dbe5cc8210f55aa58e4805fe224dac469cde56b9f731a4c098b91917159a", size = 13572172, upload-time = "2024-02-05T23:57:21.56Z" },
    { url = "https://files.pythonhosted.org/packages/76/8c/2ba3902e1a0fc1c74962ea9bb33a534bb05984ad7ff9515bf8d07527cadd/numpy-1.26.4-cp312-cp312-musllinux_1_1_x86_64.whl", hash = "sha256:1dda2e7b4ec9dd512f84935c5f126c8bd8b9f2fc001e9f54af255e8c5f16b0e0", size = 17786643, upload-time = "2024-02-05T23:57:56.585Z" },
    { url = "https://files.pythonhosted.org/packages/28/4a/46d9e65106879492374999e76eb85f87b15328e06bd1550668f79f7b18c6/numpy-1.26.4-cp312-cp312-win32.whl", hash = "sha256:50193e430acfc1346175fcbdaa28ffec49947a06918b7b92130744e81e640110", size = 5677803, upload-time = "2024-02-05T23:58:08.963Z" },
    { url = "https://files.pythonhosted.org/packages/16/2e/86f24451c2d530c88daf997cb8d6ac622c1d40d19f5a031ed68a4b73a374/numpy-1.26.4-cp312-cp312-win_amd64.whl", hash = "sha256:08beddf13648eb95f8d867350f6a018a4be2e5ad54c8d8caed89ebca558b2818", size = 15517754, upload-time = "2024-02-05T23:58:36.364Z" },
]

[[package]]
name = "packaging"
version = "26.3"
source = { registry = "https://pypi.org/simple" }
sdist = { url = "https://files.pythonhosted.org/packages/7d/fa/3944b40b07da9ce895c0e6303a5ab7d53da063554f534556b134a54d6093/packaging-26.3.tar.gz", hash = "sha256:94edc256424af38762eb31306eed28beb9f0efc50a8837492c9d6fd6004aed79", size = 313412, upload-time = "2026-08-04T18:15:28.737Z" }
wheels = [
    { url = "https://files.pythonhosted.org/packages/63/34/ba1c580383c9eada3711951fef0795c80b829a078d72188184bcab9dd527/packaging-26.3-py3-none-any.whl", hash = "sha256:d7193f7c8e4e93f444fde0262bf90af30e16fa0ad0ad44cb553c87339b23cd1c", size = 129956, upload-time = "2026-08-04T18:15:27.159Z" },
]

[[package]]
name = "pandas"
version = "3.0.6"
source = { registry = "https://pypi.org/simple" }
dependencies = [
    { name = "numpy" },
    { name = "python-dateutil" },
    { name = "tzdata", marker = "sys_platform == 'emscripten' or sys_platform == 'win32'" },
]
sdist = { url = "https://files.pythonhosted.org/packages/e2/17/d7b106e05bfa642e8694451e7d3d759c6a241c5386a5d962e4f66c047e06/pandas-3.0.6.tar.gz", hash = "sha256:66b07ef7315a31bfe1089cd3d71a7de781c9dca986762d0b4fe7c0ef17465d10", size = 4667686, upload-time = "2026-09-17T23:23:18.345Z" }
wheels = [
    { url = "https://files.pythonhosted.org/packages/77/4c/597d588c055d4373cff19cbbc32d4dd046c7be8fadee957585b5ba9e5b24/pandas-3.0.6-cp312-cp312-macosx_10_13_x86_64.whl", hash = "sha256:7dac2d65e9087e8e7b5a45fe15c4920911a221df061ab629943ce016489145c7", size = 10397411, upload-time = "2026-09-17T23:20:49.465Z" },
    { url = "https://files.pythonhosted.org/packages/18/8f/48907c7c707b61a8e5018c32e1a3f70623209bfb59020a2f6196159d3aa7/pandas-3.0.6-cp312-cp312-macosx_11_0_arm64.whl", hash = "sha256:9dab635a549e58a053c7b0fa054dc0bd7be22f0ed9a720f4a85d5fb993276172", size = 10051279, upload-time = "2026-09-17T23:20:52.409Z" },
    { url = "https://files.pythonhosted.org/packages/67/fa/613d867c3d9554a61bafdec6f79565c8a3e73235feb52cc4a72ad2e0fa6a/pandas-3.0.6-cp312-cp312-manylinux_2_24_aarch64.manylinux_2_28_aarch64.whl", hash = "sha256:e3dccb584123b399c07562ac4d62543e90ede49ddf8ce3c13ffc64cbe828c281", size = 10303429, upload-time = "2026-09-17T23:20:55.597Z" },
    { url = "https://files.pythonhosted.org/packages/cb/67/0c0f18e38d7f2d2af8c24b3315bc4046e73bbdd4a5540405506671ad0c0d/pandas-3.0.6-cp312-cp312-manylinux_2_24_x86_64.manylinux_2_28_x86_64.whl", hash = "sha256:0704044b676496b8350e023b09f174a26772456c974a2b11c36bebb558c9490d", size = 10788193, upload-time = "2026-09-17T23:20:58.617Z" },
    { url = "https://files.pythonhosted.org/packages/39/53/1b57f3162501fe36687e4870e1b918a6458ca7386b173af75663ace95857/pandas-3.0.6-cp312-cp312-musllinux_1_2_aarch64.whl", hash = "sha256:e7c1905ef02c3d6d43d9dbd5b6ccb4da4870a0b0c821bbc103fbdb6f3ad2707b", size = 11323501, upload-time = "2026-09-17T23:21:01.911Z" },
    { url = "https://files.pythonhosted.org/packages/f2/d2/b1182e8d39100369d7f13f4a125a3fb6b096fef112c46d0566c25781ff68/pandas-3.0.6-cp312-cp312-musllinux_1_2_x86_64.whl", hash = "sha256:569e114072b24fc4970c12e2b4bab252671668a40b324318903380cab0254c0c", size = 11838173, upload-time = "2026-09-17T23:21:04.85Z" },
    { url = "https://files.pythonhosted.org/packages/c7/33/5b717af24d2f27995e51e0875a269dddd373045216e34cf62e3aa764eaa1/pandas-3.0.6-cp312-cp312-pyemscripten_2024_0_wasm32.whl", hash = "sha256:2a8fc94be2ee5f1d86f97aacd8cc566f81680b6498e76f3007421bb5d98151bf", size = 7118499, upload-time = "2026-09-17T23:21:07.661Z" },
    { url = "https://files.pythonhosted.org/packages/bd/2a/14b3b17cd75cef4a1ee1af4234eb41cc1afe4103b98c2d80e8916abfd42b/pandas-3.0.6-cp312-cp312-win_amd64.whl", hash = "sha256:3ef908d28590b3f42d7070e7ad8f9b34b442b260b7f3c1afb57e0040c58cdb1b", size = 9661439, upload-time = "2026-09-17T23:21:10.959Z" },
    { url = "https://files.pythonhosted.org/packages/3b/11/3d580a604a1e35d69f6676847bd12db7d14344bc677b717f4413e79c5d0d/pandas-3.0.6-cp312-cp312-win_arm64.whl", hash = "sha256:f4e7c52eb108d752e7592268108fd3e98efd76d83a3125cdd06c621c2e44359b", size = 8959806, upload-time = "2026-09-17T23:21:13.851Z" },
]

[[package]]
name = "prometheus-client"
version = "0.26.0"
source = { registry = "https://pypi.org/simple" }
sdist = { url = "https://files.pythonhosted.org/packages/52/73/f1334c29c2af4cd9dba6c7817e61b611bd0215e2eb5565c6064a4de18802/prometheus_client-0.26.0.tar.gz", hash = "sha256:04a91bcf94e2cf74a44a1a874d651a2e853ed354b6e822f3b7487751465d5c2b", size = 92910, upload-time = "2026-07-24T19:36:41.893Z" }
wheels = [
    { url = "https://files.pythonhosted.org/packages/eb/a3/b69efbf4143b5b9859b977770bbbabcc2796b702fa69dc40271e45cd5a56/prometheus_client-0.26.0-py3-none-any.whl", hash = "sha256:fa93d06737aa02bacd05794768508bb97d2fbee28cb3bca04eaae92f0ca953d6", size = 64494, upload-time = "2026-07-24T19:36:40.854Z" },
]

[[package]]
name = "prometheus-flask-exporter"
version = "0.23.2"
source = { registry = "https://pypi.org/simple" }
dependencies = [
    { name = "flask" },
    { name = "prometheus-client" },
]
sdist = { url = "https://files.pythonhosted.org/packages/8f/40/736bd2cb19b065cea395deb57b5b520a2df105dab92af3fb200ee560ad92/prometheus_flask_exporter-0.23.2.tar.gz", hash = "sha256:41fc9bbd7d48cc958ed8384aacf60c3621d9e903768be61c4e7f0c63872eaf1a", size = 31801, upload-time = "2025-03-11T23:05:30.409Z" }
wheels = [
    { url = "https://files.pythonhosted.org/packages/96/04/486040e241708a723ee7673d98733c35f2cf081f63ced0091124b8572177/prometheus_flask_exporter-0.23.2-py3-none-any.whl", hash = "sha256:94922a636d4c1d8b68e1ee605c30a23e9bbb0b21756df8222aa919634871784c", size = 19002, upload-time = "2025-03-11T23:05:29.176Z" },
]

[[package]]
name = "psycopg2-binary"
version = "2.9.13"
source = { registry = "https://pypi.org/simple" }
sdist = { url = "https://files.pythonhosted.org/packages/ed/76/7b4383014be0fcc6c1c0e24292845a14e1672cf17fca62ca0a2bd5f4563d/psycopg2_binary-2.9.13.tar.gz", hash = "sha256:e324ecf60f952d21dd11413b8bbed0951bbd99579a06fd06f28bfc37737cd373", size = 378112, upload-time = "2026-09-10T00:06:12.199Z" }
wheels = [
    { url = "https://files.pythonhosted.org/packages/fb/d1/d0125c56b865e3bc9f318d84930b2df71a729229dbb0ce12de748a82a6d7/psycopg2_binary-2.9.13-cp312-cp312-macosx_10_13_x86_64.whl", hash = "sha256:2bf9f97a6df69a5d89d054b8cf5257a0916096c479800715fbfe7974dbcb3a26", size = 3725735, upload-time = "2026-09-09T23:54:51.182Z" },
    { url = "https://files.pythonhosted.org/packages/54/a5/b5a73d0910555e38ee12c49c1740855f8a1e9776e87d65f0c51e1bab762a/psycopg2_binary-2.9.13-cp312-cp312-macosx_11_0_arm64.whl", hash = "sha256:07b7bd9f410650c34c3532162cc329f112368d78a3fc8668cb1ea9df61bc11bf", size = 3818000, upload-time = "2026-09-09T23:54:53.229Z" },
    { url = "https://files.pythonhosted.org/packages/3d/43/3e4783f62ae3f4fc19a5acf8d1c394df54458f1336febe188f317556d2a7/psycopg2_binary-2.9.13-cp312-cp312-manylinux2014_ppc64le.manylinux_2_17_ppc64le.whl", hash = "sha256:0463c00f946517f3e69192a59e6601e023ff9de45ad0a875eda3d6b1bebeb7ce", size = 4585760, upload-time = "2026-09-09T23:54:55.313Z" },
    { url = "https://files.pythonhosted.org/packages/8d/c4/a9a67ae65ad3d567eb0fc9cdf9a5a2783b779aecdcdc8945f1807b13d99e/psycopg2_binary-2.9.13-cp312-cp312-manylinux2014_x86_64.manylinux_2_17_x86_64.whl", hash = "sha256:e3861eba31f8ea8663fd876166b032fd89179e42aa63764d6feb281f13f9eb60", size = 4282380, upload-time = "2026-09-09T23:54:57.362Z" },
    { url = "https://files.pythonhosted.org/packages/b3/db/9d459d3da12e0b841cf1596579455aaa27e9e593e3e9a5a4ded5a55a7c15/psycopg2_binary-2.9.13-cp312-cp312-manylinux_2_27_aarch64.manylinux_2_28_aarch64.whl", hash = "sha256:3dc3372b3731b3ef23407fe06b94f640ef87a2bda242fa386033d5589c87514a", size = 5902039, upload-time = "2026-09-09T23:55:01.955Z" },
    { url = "https://files.pythonhosted.org/packages/d6/53/21079c10a581c50b6817498eda7c3481c1b3cdb41482bd08ebfccd3664c4/psycopg2_binary-2.9.13-cp312-cp312-manylinux_2_38_riscv64.manylinux_2_39_riscv64.whl", hash = "sha256:0405dd4d97720e7ab177aa02e493f524907c4cb3c445ac173e2627948d3d0528", size = 4119840, upload-time = "2026-09-09T23:55:04.336Z" },
    { url = "https://files.pythonhosted.org/packages/c4/ce/71e8d9e1b4f3e78157b49a5abdff50d915e95f2812550f6c9b4f2e4d5e94/psycopg2_binary-2.9.13-cp312-cp312-musllinux_1_2_aarch64.whl", hash = "sha256:b6ae51708201f501a171b02419d0c30878a743c369c9054eb1289f0f8d5979e2", size = 3661077, upload-time = "2026-09-09T23:55:06.118Z" },
    { url = "https://files.pythonhosted.org/packages/d9/54/b17616472f09a0fae96f8852692948b7eaa7c971d7629696da0e5932d996/psycopg2_binary-2.9.13-cp312-cp312-musllinux_1_2_ppc64le.whl", hash = "sha256:81682c227cc1849c4a6adf7b85274229073bb4c9d6ad5697222c695dcea5a8a7", size = 3307202, upload-time = "2026-09-09T23:55:08.061Z" },
    { url = "https://files.pythonhosted.org/packages/77/c7/d9737e222a377dac67a0ce0a2c73e7231a57f5cf18bb35a65d5c8d45d5d2/psycopg2_binary-2.9.13-cp312-cp312-musllinux_1_2_riscv64.whl", hash = "sha256:13d955f6054a705a19554364fe9888d0a6e8b0746dc7ebc08a447c7b4fd4145c", size = 3052893, upload-time = "2026-09-09T23:55:10.209Z" },
    { url = "https://files.pythonhosted.org/packages/7d/3d/c406c9f698f518c264381192c2bdf8952ee84e469ffa9f82db1411f57385/psycopg2_binary-2.9.13-cp312-cp312-musllinux_1_2_x86_64.whl", hash = "sha256:7e2405196a8cfe6cd3e54172a54452dcf85c241eaf2e9dde7190d7469f7f5ef7", size = 3355210, upload-time = "2026-09-09T23:55:11.883Z" },
    { url = "https://files.pythonhosted.org/packages/27/64/6e3a96699770af2d0d49a2002f722c69b656fc27623ff89281cf2b109644/psycopg2_binary-2.9.13-cp312-cp312-win_amd64.whl", hash = "sha256:376ebf7d8aee4b7386b2bac31fdc27911e7e57cd0a88f1e038b8b149398ac008", size = 2767784, upload-time = "2026-09-09T23:55:13.823Z" },
]

[[package]]
name = "pyogrio"
version = "0.13.0"
source = { registry = "https://pypi.org/simple" }
dependencies = [
    { name = "certifi" },
    { name = "numpy" },
    { name = "packaging" },
]
sdist = { url = "https://files.pythonhosted.org/packages/de/3c/d2268615e8b749ba59f278b14a495883562e961fa3ad55a9def222bfbd4a/pyogrio-0.13.0.tar.gz", hash = "sha256:9614f27a1891113f80653e0b76b4233ea1fb3beeb1ac46d118ab22e1670f8f13", size = 313103, upload-time = "2026-06-26T15:30:17.375Z" }
wheels = [
    { url = "https://files.pythonhosted.org/packages/c0/89/76534ad8f01d952ad01002741f8cfac08024035a70952f190b4f7e22325c/pyogrio-0.13.0-cp311-abi3-macosx_12_0_arm64.whl", hash = "sha256:68e6bb9b8b14412311da69679333ad5408c0f9aa5b25d5837bbcba3dfa698109", size = 24666205, upload-time = "2026-06-26T15:29:32.214Z" },
    { url = "https://files.pythonhosted.org/packages/39/58/af3b3a74c8b05ebf49b03303ee24024b9d0272de482867425c8dc93f2820/pyogrio-0.13.0-cp311-abi3-macosx_12_0_x86_64.whl", hash = "sha256:8823f91570c91e66e50cc573bc4722e925b84220ee0c7dc61532438d43c69a95", size = 26063477, upload-time = "2026-06-26T15:29:35.94Z" },
    { url = "https://files.pythonhosted.org/packages/55/30/3e38d8532a33adf15c6465dcd8c1bb2a146dce0da3fd8ba0aa9ec9ba74e4/pyogrio-0.13.0-cp311-abi3-manylinux2014_x86_64.manylinux_2_17_x86_64.whl", hash = "sha256:9e84e7b09b073ee4cc8c35663afcf644b0c17db75ac72c7591dc3864252db461", size = 32246778, upload-time = "2026-06-26T15:29:40.185Z" },
    { url = "https://files.pythonhosted.org/packages/26/96/888ea83c8d0f1e2cc732bea6be94ed0db784cacd99f0248333483be657b3/pyogrio-0.13.0-cp311-abi3-manylinux_2_28_aarch64.whl", hash = "sha256:680842c88b5e678125edd13b15f7187ff3ce7630cadef538887edd3cbe801287", size = 31670710, upload-time = "2026-06-26T15:29:44.328Z" },
    { url = "https://files.pythonhosted.org/packages/20/c2/247c150f5ca12f8593c20e39115db551b18de5c6cb383006de21b57399e4/pyogrio-0.13.0-cp311-abi3-manylinux_2_28_x86_64.whl", hash = "sha256:220a988ce2a26591d6db5c775b07289d4f54cabdf274cc048f0e17a0b9d5be14", size = 33334097, upload-time = "2026-06-26T15:29:48.533Z" },
    { url = "https://files.pythonhosted.org/packages/d2/ba/3757e312a98c428ac5d8b787f3608ae325174ebef6897930a42e21dd057a/pyogrio-0.13.0-cp311-abi3-win_amd64.whl", hash = "sha256:1b91f6d6e6757a6ea84b9459d24f479dcb52bbf4ebcdb16baf39e49d2836a1cf", size = 23824927, upload-time = "2026-06-26T15:29:52.493Z" },
]

[[package]]
name = "pyproj"
version = "3.8.0"
source = { registry = "https://pypi.org/simple" }
dependencies = [
    { name = "certifi" },
]
sdist = { url = "https://files.pythonhosted.org/packages/c8/29/6598570c90cbfc84ddefc3ccac4aa412bf51a527d72c74cc4fe64a5e6f24/pyproj-3.8.0.tar.gz", hash = "sha256:efa59725bba68bf97fa808b61302df32934acdceb6a5c92a8dd0e71dc266a876", size = 242018, upload-time = "2026-09-05T20:05:09.353Z" }
wheels = [
    { url = "https://files.pythonhosted.org/packages/bb/c0/e2cdf9555f4feb6a17717de08527b0358ecccca7892ac78b17f5a04903cb/pyproj-3.8.0-cp312-cp312-macosx_14_0_arm64.whl", hash = "sha256:8606ccbc110ce2e8cbe4c9ba6c3f24cd73f603795ac0fce1ceb8fc27a9bb786e", size = 4990712, upload-time = "2026-09-05T20:03:10.928Z" },
    { url = "https://files.pythonhosted.org/packages/4e/99/4ec34c75e06d18bd4b8e08189ef8a76170bab339a9bee7d6eaeed075d444/pyproj-3.8.0-cp312-cp312-macosx_15_0_x86_64.whl", hash = "sha256:2d4c49e27d404a95d244196fdadb6b0b0ba3c3cbb43a8d2a357fc579a36b7835", size = 6098819, upload-time = "2026-09-05T20:03:13.066Z" },
    { url = "https://files.pythonhosted.org/packages/28/c3/a819a14ff040ad441f09589fff28cca88c82cb8537818316c798f2ddafb2/pyproj-3.8.0-cp312-cp312-manylinux_2_28_aarch64.whl", hash = "sha256:d8e00ccd9195d9dbb968d490ae9e51c3a59378665506c05e36bfdb6493a38a69", size = 10120591, upload-time = "2026-09-05T20:03:15.214Z" },
    { url = "https://files.pythonhosted.org/packages/5f/ed/035354de8fbc1c1350f5b7f66361995f187d89675622eb63016bf7261dd5/pyproj-3.8.0-cp312-cp312-manylinux_2_28_x86_64.whl", hash = "sha256:6b34cec6bdd66b721980c003cc2a0fce0cab7949444ad037fc2a7ecb6f3b996c", size = 10037552, upload-time = "2026-09-05T20:03:17.43Z" },
    { url = "https://files.pythonhosted.org/packages/76/62/04809135418fb84402acf2a1d37beaeb770d66d78061962cbf0d459a0b07/pyproj-3.8.0-cp312-cp312-musllinux_1_2_aarch64.whl", hash = "sha256:859caa91bd9a1c614bac7de110f3a62f715e6c5a4fe9140c3fd6a0c5034e390d", size = 11498786, upload-time = "2026-09-05T20:03:20.178Z" },
    { url = "https://files.pythonhosted.org/packages/55/ce/7e29ca3df78c59b413ab20d2d2dfb1ef36329f051597992eaa65e4306ac0/pyproj-3.8.0-cp312-cp312-musllinux_1_2_x86_64.whl", hash = "sha256:e6e21972a28e65fdec4b794b6298206516853e03fc9ac40c14271c5dce6b0d32", size = 11497184, upload-time = "2026-09-05T20:03:22.591Z" },
    { url = "https://files.pythonhosted.org/packages/9a/8c/010481b3629eb70f8c8c433d706207b1ec91fdb76fc10cf4ec1d92f51bdd/pyproj-3.8.0-cp312-cp312-win32.whl", hash = "sha256:7914e83760284e4d8d3b6b2a6845c21270a07f214bfd89344d45f9ab63e1b4b5", size = 6295859, upload-time = "2026-09-05T20:03:24.738Z" },
    { url = "https://files.pythonhosted.org/packages/b7/d7/2c861a429581577a441e03020d27274812d7969748f5951d972f6e34597f/pyproj-3.8.0-cp312-cp312-win_amd64.whl", hash = "sha256:0556ce011e1530aea2084a12e39dc9c6ccd25a16c1db5457f39bf83161e7c301", size = 6714045, upload-time = "2026-09-05T20:03:26.863Z" },
    { url = "https://files.pythonhosted.org/packages/09/bb/2d1ff197922cfe106f204041503fb8039d2cee9c34c2a61a0b65f4121b4c/pyproj-3.8.0-cp312-cp312-win_arm64.whl", hash = "sha256:a792112106471f97c3f74b51639068388c9ad0605cc1ca100f11fd0bf47a004e", size = 6663720, upload-time = "2026-09-05T20:03:28.625Z" },
]

[[package]]
name = "python-dateutil"
version = "2.9.0.post0"
source = { registry = "https://pypi.org/simple" }
dependencies = [
    { name = "six" },
]
sdist = { url = "https://files.pythonhosted.org/packages/66/c0/0c8b6ad9f17a802ee498c46e004a0eb49bc148f2fd230864601a86dcf6db/python-dateutil-2.9.0.post0.tar.gz", hash = "sha256:37dd54208da7e1cd875388217d5e00ebd4179249f90fb72437e91a35459a0ad3", size = 342432, upload-time = "2024-03-01T18:36:20.211Z" }
wheels = [
    { url = "https://files.pythonhosted.org/packages/ec/57/56b9bcc3c9c6a792fcbaf139543cee77261f3651ca9da0c93f5c1221264b/python_dateutil-2.9.0.post0-py2.py3-none-any.whl", hash = "sha256:a8b2bc7bffae282281c8140a97d3aa9c14da0b136dfe83f850eea9a5f7470427", size = 229892, upload-time = "2024-03-01T18:36:18.57Z" },
]

[[package]]
name = "shapely"
version = "2.2.0"
source = { registry = "https://pypi.org/simple" }
dependencies = [
    { name = "numpy" },
]
sdist = { url = "https://files.pythonhosted.org/packages/f3/ab/924b6e202f796d270a3041a230151f7908db5ea48c74effe6f8023e9bd05/shapely-2.2.0.tar.gz", hash = "sha256:e8865e553d874a1ec4a032057ea81fca9def37b188cd8fb550af3b3480b3f88c", size = 380326, upload-time = "2026-10-07T09:18:01.001Z" }
wheels = [
    { url = "https://files.pythonhosted.org/packages/63/af/ac371511dbf0f0a172544a647246f746ceb2b5d12b3e1238224bec3a3796/shapely-2.2.0-cp312-cp312-macosx_10_13_x86_64.whl", hash = "sha256:626fe4c0d32860a98e75ecffabf5a62254c6168eac96b633ad313cd62a38bb2b", size = 1785072, upload-time = "2026-10-07T09:16:13.707Z" },
    { url = "https://files.pythonhosted.org/packages/02/96/5c48977168f32de067bfafce7f584dd04becf152152bf088636cc034828e/shapely-2.2.0-cp312-cp312-macosx_11_0_arm64.whl", hash = "sha256:c36ccbff5c3374c349c370bfdac22c7676b268b4a707c98e9031f498965aa02d", size = 1584868, upload-time = "2026-10-07T09:16:15.795Z" },
    { url = "https://files.pythonhosted.org/packages/ae/34/b90723043091161f636fde302e850583dcebd610e798f9edd6e3245f5a2a/shapely-2.2.0-cp312-cp312-manylinux_2_24_aarch64.manylinux_2_28_aarch64.whl", hash = "sha256:a9a380624cdd7a7e661bf15a4d1625082766f07ccd2540cb0a9e0df1ad4f6c11", size = 2176960, upload-time = "2026-10-07T09:16:17.965Z" },
    { url = "https://files.pythonhosted.org/packages/ad/87/6842e4c996914a47b6bfd3ef14a543e67e993f86a9ea5679c34efc9314ab/shapely-2.2.0-cp312-cp312-manylinux_2_24_x86_64.manylinux_2_28_x86_64.whl", hash = "sha256:650a5f4d8a8e3c96982079d8c99b6ddbe6602bbd1e34c75c2b95dbc0d28ac997", size = 2300970, upload-time = "2026-10-07T09:16:20.191Z" },
    { url = "https://files.pythonhosted.org/packages/54/ea/06295d871f0befc3eafa96b7bb87a31e848f042d03ba80c5938b12eb68dd/shapely-2.2.0-cp312-cp312-musllinux_1_2_aarch64.whl", hash = "sha256:a851e077f0f02a3383923e02eca5447a29ddbf234e39593b91c8b7ac75218133", size = 3244534, upload-time = "2026-10-07T09:16:22.36Z" },
    { url = "https://files.pythonhosted.org/packages/8b/2a/ab017941b2014f29b8fca233e3f5a75e5fe109a1f27d316ba85d95a515ff/shapely-2.2.0-cp312-cp312-musllinux_1_2_x86_64.whl", hash = "sha256:dc5faa593948aa64d9afae48331b80f43f7aacc68425d99064a4d6772f53f1ad", size = 3391336, upload-time = "2026-10-07T09:16:24.226Z" },
    { url = "https://files.pythonhosted.org/packages/63/ee/4ccaa854f3b7ecd9181920b913c2d2f4b15053331457b7f615139a9774cc/shapely-2.2.0-cp312-cp312-win32.whl", hash = "sha256:da47a0cc9e630b4dff0db46e8972b29d2d27f337425ce9d4c77fd046ce48eabd", size = 1617174, upload-time = "2026-10-07T09:16:26.277Z" },
    { url = "https://files.pythonhosted.org/packages/f6/26/ba9192f0a72c830aa8cc1c61e207ada57cc54b7de81668b1836f575ee717/shapely-2.2.0-cp312-cp312-win_amd64.whl", hash = "sha256:90895df6542ae039fc6557dec6194e3509e883fbd6f5788e3c3e7a38fe46b257", size = 1791280, upload-time = "2026-10-07T09:16:27.94Z" },
    { url = "https://files.pythonhosted.org/packages/8e/92/4e4f93d7b7db9af2a77126c6c96af2c0c422635e2276f5abb533f67b42df/shapely-2.2.0-cp312-cp312-win_arm64.whl", hash = "sha256:7cf5b3a801b9b4febf774efde2e31280e647388deae8452693d8e6420b3a1ff2", size = 1879393, upload-time = "2026-10-07T09:16:29.684Z" },
]

[[package]]
name = "six"
version = "1.17.0"
source = { registry = "https://pypi.org/simple" }
sdist = { url = "https://files.pythonhosted.org/packages/94/e7/b2c673351809dca68a0e064b6af791aa332cf192da575fd474ed7d6f16a2/six-1.17.0.tar.gz", hash = "sha256:ff70335d468e7eb6ec65b95b99d3a2836546063f63acc5171de367e834932a81", size = 34031, upload-time = "2024-12-04T17:35:28.174Z" }
wheels = [
    { url = "https://files.pythonhosted.org/packages/b7/ce/149a00dd41f10bc29e5921b496af8b574d8413afcd5e30dfa0ed46c2cc5e/six-1.17.0-py2.py3-none-any.whl", hash = "sha256:4721f391ed90541fddacab5acf947aa0d3dc7d27b2e1e8eda2be8970586c3274", size = 11050, upload-time = "2024-12-04T17:35:26.475Z" },
]

[[package]]
name = "sqlalchemy"
version = "2.1.3"
source = { registry = "https://pypi.org/simple" }
dependencies = [
    { name = "typing-extensions" },
]
sdist = { url = "https://files.pythonhosted.org/packages/02/4b/81d972a46c9f1d978af1795e2abc988855c711453552cb45d75f6e4abbf5/sqlalchemy-2.1.3.tar.gz", hash = "sha256:ade5281df06038c6394f532590d592d3381ee5d11b9e0006a2570aef41145118", size = 10525778, upload-time = "2026-10-02T22:57:00.308Z" }
wheels = [
    { url = "https://files.pythonhosted.org/packages/1a/5f/4dddd8758e6725419c2a21319cd5615ec37c0e7abb54c05ec09839ffbaa0/sqlalchemy-2.1.3-cp312-cp312-macosx_11_0_arm64.whl", hash = "sha256:7089cd2408cdae671c0775991e91349532d44f91fccc3248aada4b2243600da8", size = 2463500, upload-time = "2026-10-03T02:41:04.332Z" },
    { url = "https://files.pythonhosted.org/packages/4e/96/6bcb70507e44bf48e790181809daa86f3d6813738e3d2bca7e50c671d2f7/sqlalchemy-2.1.3-cp312-cp312-manylinux2014_aarch64.manylinux_2_17_aarch64.manylinux_2_28_aarch64.whl", hash = "sha256:565da0a28051cc4ac6f3ae6e9f33cae707ac6b102eac077ebdaada05226f8e3d", size = 4657690, upload-time = "2026-10-02T23:14:48.579Z" },
    { url = "https://files.pythonhosted.org/packages/ab/1c/d306dbb3bcb7d529099fbcc7e4a4bdf99059622ca53311831ac6349b5b31/sqlalchemy-2.1.3-cp312-cp312-manylinux2014_x86_64.manylinux_2_17_x86_64.manylinux_2_28_x86_64.whl", hash = "sha256:f68fb01c2bea9d6e362f37f8109974d285718880ee59eefff1c9a11e5e5df6a9", size = 4706298, upload-time = "2026-10-03T02:31:47.825Z" },
    { url = "https://files.pythonhosted.org/packages/b9/8e/e424c5bc13387c8923d1e36db0205fc73d21f93358ba6b386aca5c65c2c3/sqlalchemy-2.1.3-cp312-cp312-manylinux_2_31_riscv64.manylinux_2_39_riscv64.whl", hash = "sha256:6a60162b10e59cde7037b65ee52c45ff106f183b454d3763351534d18c109641", size = 4356480, upload-time = "2026-10-02T23:51:41.462Z" },
    { url = "https://files.pythonhosted.org/packages/40/c0/815e27b5e2a27c118c4cbe90188bb9aa09292fb58867dc14a17bbad0c776/sqlalchemy-2.1.3-cp312-cp312-musllinux_1_2_aarch64.whl", hash = "sha256:314407ce02091e80ec295c2392ad04573a08fa9517359a99b63bdfdb041e6c55", size = 4581573, upload-time = "2026-10-02T23:14:50.575Z" },
    { url = "https://files.pythonhosted.org/packages/d0/37/26be272c44efbadff873675086aca27197e4e39e5100099a0d3bd84c7e8f/sqlalchemy-2.1.3-cp312-cp312-musllinux_1_2_riscv64.whl", hash = "sha256:8212524da8426cc35b99d573447f7e13e94eaf4ae31fcc0f84132222c0e7d904", size = 4350388, upload-time = "2026-10-02T23:51:43.273Z" },
    { url = "https://files.pythonhosted.org/packages/d5/ea/1f670e25011ccf022baeaa86476295f8a0c603957175a4b4c7ed57062dfc/sqlalchemy-2.1.3-cp312-cp312-musllinux_1_2_x86_64.whl", hash = "sha256:2b7c7d6db0d967a9feedda37d1bbbbea2415e6d5e8e6ff7ef6e52990f33ae414", size = 4654995, upload-time = "2026-10-03T02:31:49.947Z" },
    { url = "https://files.pythonhosted.org/packages/4d/1f/983b1b961a6fd5d9c7630ccf80f44cc63da4fddb0ac7d125f5720278550b/sqlalchemy-2.1.3-cp312-cp312-win32.whl", hash = "sha256:c663d71a0dbac51085074ad779d555a69af18f5ef01690c8206a92603df46cc9", size = 2374254, upload-time = "2026-10-03T02:53:56.996Z" },
    { url = "https://files.pythonhosted.org/packages/8f/de/7cd2083ad8b6c6a905a9c70663588090fd23a3ecbda5d15bf558df7715fa/sqlalchemy-2.1.3-cp312-cp312-win_amd64.whl", hash = "sha256:f097f4efb9ba48f3069b17998abd8bbe2131b7f5d3c00ab7b69101d68bd976f4", size = 2426552, upload-time = "2026-10-03T02:53:59.061Z" },
    { url = "https://files.pythonhosted.org/packages/ae/d0/b09299052f0f0f7366f46d63056a2e20399976e670bf8f399cfb59b83adb/sqlalchemy-2.1.3-cp312-cp312-win_arm64.whl", hash = "sha256:7cdc5952525055fcddbbd4ca6c53812e228b6478cc95bdd7bbb24708ed045740", size = 2386139, upload-time = "2026-10-03T02:45:04.83Z" },
    { url = "https://files.pythonhosted.org/packages/e5/12/23d8fb7ed90e5b674006ace415ede1c60cdfc38ace50968b59ef42c22754/sqlalchemy-2.1.3-py3-none-any.whl", hash = "sha256:6f0cf4debd86cb5623a50310784bd005c215761ca7f618d0d4f46193d033675a", size = 2052603, upload-time = "2026-10-03T02:34:19.115Z" },
]

[[package]]
name = "typing-extensions"
version = "4.16.0"
source = { registry = "https://pypi.org/simple" }
sdist = { url = "https://files.pythonhosted.org/packages/f6/cc/6253133b5bb138fc3306cebfbda2c520f545d36b5be2c7255cc528bb45d6/typing_extensions-4.16.0.tar.gz", hash = "sha256:dc983d19a509c94dba722ee6abd33940f7c05a89e243c47e907eb4db6f1a43e5", size = 113555, upload-time = "2026-07-02T08:40:05.92Z" }
wheels = [
    { url = "https://files.pythonhosted.org/packages/49/d3/b8441a820a491ddfc024b0b0cf0393375b75ea13866d9c66727e54c2fc80/typing_extensions-4.16.0-py3-none-any.whl", hash = "sha256:481caa481374e813c1b176ada14e97f1f67a4539ce9cfeb3f350d78d6370c2e8", size = 45571, upload-time = "2026-07-02T08:40:04.659Z" },
]

[[package]]
name = "tzdata"
version = "2026.5"
source = { registry = "https://pypi.org/simple" }
sdist = { url = "https://files.pythonhosted.org/packages/d9/68/f1b440335057bfce71b6e50a9d09445aa2ecbd08359a337976627b8409e7/tzdata-2026.5.tar.gz", hash = "sha256:8cc73c0a0bfca7dbfa59235d60b2eff82231dee33f53d206db1acd9173cfc0a7", size = 200404, upload-time = "2026-10-03T09:23:14.143Z" }
wheels = [
    { url = "https://files.pythonhosted.org/packages/94/21/1e5995a1c920cce14e4bffae20c665ec10e7ed03ab25e006cd741092b718/tzdata-2026.5-py2.py3-none-any.whl", hash = "sha256:b683bd1b6659ddcd810ff02ad09ba821d4bf1065072805063eb35c49617905ac", size = 347996, upload-time = "2026-10-03T09:23:12.535Z" },
]

[[package]]
name = "werkzeug"
version = "3.1.9"
source = { registry = "https://pypi.org/simple" }
dependencies = [
    { name = "markupsafe" },
]
sdist = { url = "https://files.pythonhosted.org/packages/a4/34/4dd12fc8bb7d61c91467ec3efe415ffa7d5456f799954b40c5bbaeae470e/werkzeug-3.1.9.tar.gz", hash = "sha256:55ca7c70a75689be937aa27f8ff4b018f06ff4838fc73045560bf0f5a1291060", size = 940188, upload-time = "2026-09-27T18:33:41.637Z" }
wheels = [
    { url = "https://files.pythonhosted.org/packages/a1/38/df03f564f43cec2684823f3cccae1a652ee7face1cbaa76fb223096e64d7/werkzeug-3.1.9-py3-none-any.whl", hash = "sha256:6392e50c78460ba618e5b21f08a71f59c99ce99cdc6cf6e3dd7e6ccca8754fab", size = 228700, upload-time = "2026-09-27T18:33:39.685Z" },
]
